// !$*UTF8*$!
{
	archiveVersion = 1;
	classes = {
	};
	objectVersion = 55;
	objects = {

/* Begin PBXBuildFile section */
		5A5D850B2A25C09E00A3F537 /* GoogleService-Info.plist in Resources */ = {isa = PBXBuildFile; fileRef = 5A5D850A2A25C09E00A3F537 /* GoogleService-Info.plist */; };
		5A5D850D2A25DEA700A3F537 /* ChatsViewController.swift in Sources */ = {isa = PBXBuildFile; fileRef = 5A5D850C2A25DEA700A3F537 /* ChatsViewController.swift */; };
		5A5D850F2A2602AF00A3F537 /* StorageManager.swift in Sources */ = {isa = PBXBuildFile; fileRef = 5A5D850E2A2602AF00A3F537 /* StorageManager.swift */; };
		5AB6E3112A282440006AEE51 /* ConversationTableViewCell.swift in Sources */ = {isa = PBXBuildFile; fileRef = 5AB6E3102A282440006AEE51 /* ConversationTableViewCell.swift */; };
		5AB6E3132A29A1FD006AEE51 /* NewConversationCell.swift in Sources */ = {isa = PBXBuildFile; fileRef = 5AB6E3122A29A1FD006AEE51 /* NewConversationCell.swift */; };
		5AB6E3152A2ABB9F006AEE51 /* LocationPickerViewController.swift in Sources */ = {isa = PBXBuildFile; fileRef = 5AB6E3142A2ABB9F006AEE51 /* LocationPickerViewController.swift */; };
		5ABE502D2A23C39000EC0925 /* AppDelegate.swift in Sources */ = {isa = PBXBuildFile; fileRef = 5ABE502C2A23C39000EC0925 /* AppDelegate.swift */; };
		5ABE502F2A23C39000EC0925 /* SceneDelegate.swift in Sources */ = {isa = PBXBuildFile; fileRef = 5ABE502E2A23C39000EC0925 /* SceneDelegate.swift */; };
		5ABE50342A23C39000EC0925 /* Main.storyboard in Resources */ = {isa = PBXBuildFile; fileRef = 5ABE50322A23C39000EC0925 /* Main.storyboard */; };
		5ABE50362A23C39100EC0925 /* Assets.xcassets in Resources */ = {isa = PBXBuildFile; fileRef = 5ABE50352A23C39100EC0925 /* Assets.xcassets */; };
		5ABE50392A23C39100EC0925 /* LaunchScreen.storyboard in Resources */ = {isa = PBXBuildFile; fileRef = 5ABE50372A23C39100EC0925 /* LaunchScreen.storyboard */; };
		5ABE508B2A23CEA600EC0925 /* NewConversationViewController.swift in Sources */ = {isa = PBXBuildFile; fileRef = 5ABE50832A23CEA600EC0925 /* NewConversationViewController.swift */; };
		5ABE508C2A23CEA600EC0925 /* PhotoViewerViewController.swift in Sources */ = {isa = PBXBuildFile; fileRef = 5ABE50842A23CEA600EC0925 /* PhotoViewerViewController.swift */; };
		5ABE508D2A23CEA600EC0925 /* ProfileViewController.swift in Sources */ = {isa = PBXBuildFile; fileRef = 5ABE50852A23CEA600EC0925 /* ProfileViewController.swift */; };
		5ABE508E2A23CEA600EC0925 /* ConversationViewController.swift in Sources */ = {isa = PBXBuildFile; fileRef = 5ABE50862A23CEA600EC0925 /* ConversationViewController.swift */; };
		5ABE508F2A23CEA600EC0925 /* LoginViewController.swift in Sources */ = {isa = PBXBuildFile; fileRef = 5ABE50882A23CEA600EC0925 /* LoginViewController.swift */; };
		5ABE50902A23CEA600EC0925 /* RegisterViewController.swift in Sources */ = {isa = PBXBuildFile; fileRef = 5ABE50892A23CEA600EC0925 /* RegisterViewController.swift */; };
		5ABE50912A23CEA600EC0925 /* VideoPlayerViewController.swift in Sources */ = {isa = PBXBuildFile; fileRef = 5ABE508A2A23CEA600EC0925 /* VideoPlayerViewController.swift */; };
		5ABE50952A23CF0700EC0925 /* UIAlert-Extension.swift in Sources */ = {isa = PBXBuildFile; fileRef = 5ABE50932A23CF0700EC0925 /* UIAlert-Extension.swift */; };
		5ABE50962A23CF0700EC0925 /* UIView-Extension.swift in Sources */ = {isa = PBXBuildFile; fileRef = 5ABE50942A23CF0700EC0925 /* UIView-Extension.swift */; };
		5ABE50982A23CF3900EC0925 /* DatabaseManager.swift in Sources */ = {isa = PBXBuildFile; fileRef = 5ABE50972A23CF3900EC0925 /* DatabaseManager.swift */; };
		D2F38D8A1C40413A817E2ED8 /* Pods_mesenger01.framework in Frameworks */ = {isa = PBXBuildFile; fileRef = 1274553BE886A4F27EB8BA05 /* Pods_mesenger01.framework */; };
/* End PBXBuildFile section */

/* Begin PBXFileReference section */
		1274553BE886A4F27EB8BA05 /* Pods_mesenger01.framework */ = {isa = PBXFileReference; explicitFileType = wrapper.framework; includeInIndex = 0; path = Pods_mesenger01.framework; sourceTree = BUILT_PRODUCTS_DIR; };
		5A5D850A2A25C09E00A3F537 /* GoogleService-Info.plist */ = {isa = PBXFileReference; fileEncoding = 4; lastKnownFileType = text.plist.xml; path = "GoogleService-Info.plist"; sourceTree = "<group>"; };
		5A5D850C2A25DEA700A3F537 /* ChatsViewController.swift */ = {isa = PBXFileReference; lastKnownFileType = sourcecode.swift; path = ChatsViewController.swift; sourceTree = "<group>"; };
		5A5D850E2A2602AF00A3F537 /* StorageManager.swift */ = {isa = PBXFileReference; lastKnownFileType = sourcecode.swift; path = StorageManager.swift; sourceTree = "<group>"; };
		5AB6E3102A282440006AEE51 /* ConversationTableViewCell.swift */ = {isa = PBXFileReference; lastKnownFileType = sourcecode.swift; path = ConversationTableViewCell.swift; sourceTree = "<group>"; };
		5AB6E3122A29A1FD006AEE51 /* NewConversationCell.swift */ = {isa = PBXFileReference; lastKnownFileType = sourcecode.swift; path = NewConversationCell.swift; sourceTree = "<group>"; };
		5AB6E3142A2ABB9F006AEE51 /* LocationPickerViewController.swift */ = {isa = PBXFileReference; lastKnownFileType = sourcecode.swift; path = LocationPickerViewController.swift; sourceTree = "<group>"; };
		5ABE50292A23C39000EC0925 /* mesenger01.app */ = {isa = PBXFileReference; explicitFileType = wrapper.application; includeInIndex = 0; path = mesenger01.app; sourceTree = BUILT_PRODUCTS_DIR; };
		5ABE502C2A23C39000EC0925 /* AppDelegate.swift */ = {isa = PBXFileReference; lastKnownFileType = sourcecode.swift; path = AppDelegate.swift; sourceTree = "<group>"; };
		5ABE502E2A23C39000EC0925 /* SceneDelegate.swift */ = {isa = PBXFileReference; lastKnownFileType = sourcecode.swift; path = SceneDelegate.swift; sourceTree = "<group>"; };
		5ABE50332A23C39000EC0925 /* Base */ = {isa = PBXFileReference; lastKnownFileType = file.storyboard; name = Base; path = Base.lproj/Main.storyboard; sourceTree = "<group>"; };
		5ABE50352A23C39100EC0925 /* Assets.xcassets */ = {isa = PBXFileReference; lastKnownFileType = folder.assetcatalog; path = Assets.xcassets; sourceTree = "<group>"; };
		5ABE50382A23C39100EC0925 /* Base */ = {isa = PBXFileReference; lastKnownFileType = file.storyboard; name = Base; path = Base.lproj/LaunchScreen.storyboard; sourceTree = "<group>"; };
		5ABE503A2A23C39100EC0925 /* Info.plist */ = {isa = PBXFileReference; lastKnownFileType = text.plist.xml; path = Info.plist; sourceTree = "<group>"; };
		5ABE50832A23CEA600EC0925 /* NewConversationViewController.swift */ = {isa = PBXFileReference; fileEncoding = 4; lastKnownFileType = sourcecode.swift; path = NewConversationViewController.swift; sourceTree = "<group>"; };
		5ABE50842A23CEA600EC0925 /* PhotoViewerViewController.swift */ = {isa = PBXFileReference; fileEncoding = 4; lastKnownFileType = sourcecode.swift; path = PhotoViewerViewController.swift; sourceTree = "<group>"; };
		5ABE50852A23CEA600EC0925 /* ProfileViewController.swift */ = {isa = PBXFileReference; fileEncoding = 4; lastKnownFileType = sourcecode.swift; path = ProfileViewController.swift; sourceTree = "<group>"; };
		5ABE50862A23CEA600EC0925 /* ConversationViewController.swift */ = {isa = PBXFileReference; fileEncoding = 4; lastKnownFileType = sourcecode.swift; path = ConversationViewController.swift; sourceTree = "<group>"; };
		5ABE50882A23CEA600EC0925 /* LoginViewController.swift */ = {isa = PBXFileReference; fileEncoding = 4; lastKnownFileType = sourcecode.swift; path = LoginViewController.swift; sourceTree = "<group>"; };
		5ABE50892A23CEA600EC0925 /* RegisterViewController.swift */ = {isa = PBXFileReference; fileEncoding = 4; lastKnownFileType = sourcecode.swift; path = RegisterViewController.swift; sourceTree = "<group>"; };
		5ABE508A2A23CEA600EC0925 /* VideoPlayerViewController.swift */ = {isa = PBXFileReference; fileEncoding = 4; lastKnownFileType = sourcecode.swift; path = VideoPlayerViewController.swift; sourceTree = "<group>"; };
		5ABE50932A23CF0700EC0925 /* UIAlert-Extension.swift */ = {isa = PBXFileReference; fileEncoding = 4; lastKnownFileType = sourcecode.swift; path = "UIAlert-Extension.swift"; sourceTree = "<group>"; };
		5ABE50942A23CF0700EC0925 /* UIView-Extension.swift */ = {isa = PBXFileReference; fileEncoding = 4; lastKnownFileType = sourcecode.swift; path = "UIView-Extension.swift"; sourceTree = "<group>"; };
		5ABE50972A23CF3900EC0925 /* DatabaseManager.swift */ = {isa = PBXFileReference; fileEncoding = 4; lastKnownFileType = sourcecode.swift; path = DatabaseManager.swift; sourceTree = "<group>"; };
		5ABE509C2A23E25700EC0925 /* mesenger01.entitlements */ = {isa = PBXFileReference; lastKnownFileType = text.plist.entitlements; path = mesenger01.entitlements; sourceTree = "<group>"; };
		7882C57EA35706965A09ABDF /* Pods-mesenger01.debug.xcconfig */ = {isa = PBXFileReference; includeInIndex = 1; lastKnownFileType = text.xcconfig; name = "Pods-mesenger01.debug.xcconfig"; path = "Target Support Files/Pods-mesenger01/Pods-mesenger01.debug.xcconfig"; sourceTree = "<group>"; };
		D73C9831B688066FFF404378 /* Pods-mesenger01.release.xcconfig */ = {isa = PBXFileReference; includeInIndex = 1; lastKnownFileType = text.xcconfig; name = "Pods-mesenger01.release.xcconfig"; path = "Target Support Files/Pods-mesenger01/Pods-mesenger01.release.xcconfig"; sourceTree = "<group>"; };
/* End PBXFileReference section */

/* Begin PBXFrameworksBuildPhase section */
		5ABE50262A23C39000EC0925 /* Frameworks */ = {
			isa = PBXFrameworksBuildPhase;
			buildActionMask = 2147483647;
			files = (
				D2F38D8A1C40413A817E2ED8 /* Pods_mesenger01.framework in Frameworks */,
			);
			runOnlyForDeploymentPostprocessing = 0;
		};
/* End PBXFrameworksBuildPhase section */

/* Begin PBXGroup section */
		5AB6E30F2A2823F7006AEE51 /* Views */ = {
			isa = PBXGroup;
			children = (
				5AB6E3122A29A1FD006AEE51 /* NewConversationCell.swift */,
				5AB6E3102A282440006AEE51 /* ConversationTableViewCell.swift */,
			);
			path = Views;
			sourceTree = "<group>";
		};
		5AB7E02870910A2C92F28FEB /* Pods */ = {
			isa = PBXGroup;
			children = (
				7882C57EA35706965A09ABDF /* Pods-mesenger01.debug.xcconfig */,
				D73C9831B688066FFF404378 /* Pods-mesenger01.release.xcconfig */,
			);
			path = Pods;
			sourceTree = "<group>";
		};
		5ABE50202A23C39000EC0925 = {
			isa = PBXGroup;
			children = (
				5ABE502B2A23C39000EC0925 /* mesenger01 */,
				5ABE502A2A23C39000EC0925 /* Products */,
				5AB7E02870910A2C92F28FEB /* Pods */,
				C35478EC0EA1613F5AB85B55 /* Frameworks */,
			);
			sourceTree = "<group>";
		};
		5ABE502A2A23C39000EC0925 /* Products */ = {
			isa = PBXGroup;
			children = (
				5ABE50292A23C39000EC0925 /* mesenger01.app */,
			);
			name = Products;
			sourceTree = "<group>";
		};
		5ABE502B2A23C39000EC0925 /* mesenger01 */ = {
			isa = PBXGroup;
			children = (
				5ABE509C2A23E25700EC0925 /* mesenger01.entitlements */,
				5A5D850A2A25C09E00A3F537 /* GoogleService-Info.plist */,
				5ABE502C2A23C39000EC0925 /* AppDelegate.swift */,
				5ABE502E2A23C39000EC0925 /* SceneDelegate.swift */,
				5ABE50972A23CF3900EC0925 /* DatabaseManager.swift */,
				5A5D850E2A2602AF00A3F537 /* StorageManager.swift */,
				5ABE50322A23C39000EC0925 /* Main.storyboard */,
				5AB6E30F2A2823F7006AEE51 /* Views */,
				5ABE50992A23CF4B00EC0925 /* Models */,
				5ABE509A2A23CF4B00EC0925 /* ViewModels */,
				5ABE50822A23CEA600EC0925 /* Controllers */,
				5ABE50352A23C39100EC0925 /* Assets.xcassets */,
				5ABE50922A23CF0700EC0925 /* Utilitiy */,
				5ABE50372A23C39100EC0925 /* LaunchScreen.storyboard */,
				5ABE503A2A23C39100EC0925 /* Info.plist */,
			);
			path = mesenger01;
			sourceTree = "<group>";
		};
		5ABE50822A23CEA600EC0925 /* Controllers */ = {
			isa = PBXGroup;
			children = (
				5ABE50862A23CEA600EC0925 /* ConversationViewController.swift */,
				5A5D850C2A25DEA700A3F537 /* ChatsViewController.swift */,
				5ABE50872A23CEA600EC0925 /* Login */,
				5ABE50832A23CEA600EC0925 /* NewConversationViewController.swift */,
				5ABE50842A23CEA600EC0925 /* PhotoViewerViewController.swift */,
				5ABE50852A23CEA600EC0925 /* ProfileViewController.swift */,
				5ABE508A2A23CEA600EC0925 /* VideoPlayerViewController.swift */,
				5AB6E3142A2ABB9F006AEE51 /* LocationPickerViewController.swift */,
			);
			path = Controllers;
			sourceTree = "<group>";
		};
		5ABE50872A23CEA600EC0925 /* Login */ = {
			isa = PBXGroup;
			children = (
				5ABE50882A23CEA600EC0925 /* LoginViewController.swift */,
				5ABE50892A23CEA600EC0925 /* RegisterViewController.swift */,
			);
			path = Login;
			sourceTree = "<group>";
		};
		5ABE50922A23CF0700EC0925 /* Utilitiy */ = {
			isa = PBXGroup;
			children = (
				5ABE50932A23CF0700EC0925 /* UIAlert-Extension.swift */,
				5ABE50942A23CF0700EC0925 /* UIView-Extension.swift */,
			);
			path = Utilitiy;
			sourceTree = "<group>";
		};
		5ABE50992A23CF4B00EC0925 /* Models */ = {
			isa = PBXGroup;
			children = (
			);
			path = Models;
			sourceTree = "<group>";
		};
		5ABE509A2A23CF4B00EC0925 /* ViewModels */ = {
			isa = PBXGroup;
			children = (
			);
			path = ViewModels;
			sourceTree = "<group>";
		};
		C35478EC0EA1613F5AB85B55 /* Frameworks */ = {
			isa = PBXGroup;
			children = (
				1274553BE886A4F27EB8BA05 /* Pods_mesenger01.framework */,
			);
			name = Frameworks;
			sourceTree = "<group>";
		};
/* End PBXGroup section */

/* Begin PBXNativeTarget section */
		5ABE50282A23C39000EC0925 /* mesenger01 */ = {
			isa = PBXNativeTarget;
			buildConfigurationList = 5ABE503D2A23C39100EC0925 /* Build configuration list for PBXNativeTarget "mesenger01" */;
			buildPhases = (
				8F5662045ED6EA8CEF2288D2 /* [CP] Check Pods Manifest.lock */,
				5ABE50252A23C39000EC0925 /* Sources */,
				5ABE50262A23C39000EC0925 /* Frameworks */,
				5ABE50272A23C39000EC0925 /* Resources */,
				88D03F07F8CDC5AD00BB798A /* [CP] Embed Pods Frameworks */,
			);
			buildRules = (
			);
			dependencies = (
			);
			name = mesenger01;
			productName = mesenger01;
			productReference = 5ABE50292A23C39000EC0925 /* mesenger01.app */;
			productType = "com.apple.product-type.application";
		};
/* End PBXNativeTarget section */

/* Begin PBXProject section */
		5ABE50212A23C39000EC0925 /* Project object */ = {
			isa = PBXProject;
			attributes = {
				BuildIndependentTargetsInParallel = 1;
				LastSwiftUpdateCheck = 1340;
				LastUpgradeCheck = 1340;
				TargetAttributes = {
					5ABE50282A23C39000EC0925 = {
						CreatedOnToolsVersion = 13.4.1;
					};
				};
			};
			buildConfigurationList = 5ABE50242A23C39000EC0925 /* Build configuration list for PBXProject "mesenger01" */;
			compatibilityVersion = "Xcode 13.0";
			developmentRegion = en;
			hasScannedForEncodings = 0;
			knownRegions = (
				en,
				Base,
			);
			mainGroup = 5ABE50202A23C39000EC0925;
			productRefGroup = 5ABE502A2A23C39000EC0925 /* Products */;
			projectDirPath = "";
			projectRoot = "";
			targets = (
				5ABE50282A23C39000EC0925 /* mesenger01 */,
			);
		};
/* End PBXProject section */

/* Begin PBXResourcesBuildPhase section */
		5ABE50272A23C39000EC0925 /* Resources */ = {
			isa = PBXResourcesBuildPhase;
			buildActionMask = 2147483647;
			files = (
				5ABE50392A23C39100EC0925 /* LaunchScreen.storyboard in Resources */,
				5A5D850B2A25C09E00A3F537 /* GoogleService-Info.plist in Resources */,
				5ABE50362A23C39100EC0925 /* Assets.xcassets in Resources */,
				5ABE50342A23C39000EC0925 /* Main.storyboard in Resources */,
			);
			runOnlyForDeploymentPostprocessing = 0;
		};
/* End PBXResourcesBuildPhase section */

/* Begin PBXShellScriptBuildPhase section */
		88D03F07F8CDC5AD00BB798A /* [CP] Embed Pods Frameworks */ = {
			isa = PBXShellScriptBuildPhase;
			buildActionMask = 2147483647;
			files = (
			);
			inputFileListPaths = (
				"${PODS_ROOT}/Target Support Files/Pods-mesenger01/Pods-mesenger01-frameworks-${CONFIGURATION}-input-files.xcfilelist",
			);
			name = "[CP] Embed Pods Frameworks";
			outputFileListPaths = (
				"${PODS_ROOT}/Target Support Files/Pods-mesenger01/Pods-mesenger01-frameworks-${CONFIGURATION}-output-files.xcfilelist",
			);
			runOnlyForDeploymentPostprocessing = 0;
			shellPath = /bin/sh;
			shellScript = "\"${PODS_ROOT}/Target Support Files/Pods-mesenger01/Pods-mesenger01-frameworks.sh\"\n";
			showEnvVarsInLog = 0;
		};
		8F5662045ED6EA8CEF2288D2 /* [CP] Check Pods Manifest.lock */ = {
			isa = PBXShellScriptBuildPhase;
			buildActionMask = 2147483647;
			files = (
			);
			inputFileListPaths = (
			);
			inputPaths = (
				"${PODS_PODFILE_DIR_PATH}/Podfile.lock",
				"${PODS_ROOT}/Manifest.lock",
			);
			name = "[CP] Check Pods Manifest.lock";
			outputFileListPaths = (
			);
			outputPaths = (
				"$(DERIVED_FILE_DIR)/Pods-mesenger01-checkManifestLockResult.txt",
			);
			runOnlyForDeploymentPostprocessing = 0;
			shellPath = /bin/sh;
			shellScript = "diff \"${PODS_PODFILE_DIR_PATH}/Podfile.lock\" \"${PODS_ROOT}/Manifest.lock\" > /dev/null\nif [ $? != 0 ] ; then\n    # print error to STDERR\n    echo \"error: The sandbox is not in sync with the Podfile.lock. Run 'pod install' or update your CocoaPods installation.\" >&2\n    exit 1\nfi\n# This output is used by Xcode 'outputs' to avoid re-running this script phase.\necho \"SUCCESS\" > \"${SCRIPT_OUTPUT_FILE_0}\"\n";
			showEnvVarsInLog = 0;
		};
/* End PBXShellScriptBuildPhase section */

/* Begin PBXSourcesBuildPhase section */
		5ABE50252A23C39000EC0925 /* Sources */ = {
			isa = PBXSourcesBuildPhase;
			buildActionMask = 2147483647;
			files = (
				5ABE508F2A23CEA600EC0925 /* LoginViewController.swift in Sources */,
				5ABE50962A23CF0700EC0925 /* UIView-Extension.swift in Sources */,
				5ABE508B2A23CEA600EC0925 /* NewConversationViewController.swift in Sources */,
				5AB6E3152A2ABB9F006AEE51 /* LocationPickerViewController.swift in Sources */,
				5A5D850F2A2602AF00A3F537 /* StorageManager.swift in Sources */,
				5ABE508C2A23CEA600EC0925 /* PhotoViewerViewController.swift in Sources */,
				5A5D850D2A25DEA700A3F537 /* ChatsViewController.swift in Sources */,
				5ABE50912A23CEA600EC0925 /* VideoPlayerViewController.swift in Sources */,
				5ABE50952A23CF0700EC0925 /* UIAlert-Extension.swift in Sources */,
				5AB6E3132A29A1FD006AEE51 /* NewConversationCell.swift in Sources */,
				5ABE50902A23CEA600EC0925 /* RegisterViewController.swift in Sources */,
				5ABE508E2A23CEA600EC0925 /* ConversationViewController.swift in Sources */,
				5ABE50982A23CF3900EC0925 /* DatabaseManager.swift in Sources */,
				5ABE508D2A23CEA600EC0925 /* ProfileViewController.swift in Sources */,
				5ABE502D2A23C39000EC0925 /* AppDelegate.swift in Sources */,
				5ABE502F2A23C39000EC0925 /* SceneDelegate.swift in Sources */,
				5AB6E3112A282440006AEE51 /* ConversationTableViewCell.swift in Sources */,
			);
			runOnlyForDeploymentPostprocessing = 0;
		};
/* End PBXSourcesBuildPhase section */

/* Begin PBXVariantGroup section */
		5ABE50322A23C39000EC0925 /* Main.storyboard */ = {
			isa = PBXVariantGroup;
			children = (
				5ABE50332A23C39000EC0925 /* Base */,
			);
			name = Main.storyboard;
			sourceTree = "<group>";
		};
		5ABE50372A23C39100EC0925 /* LaunchScreen.storyboard */ = {
			isa = PBXVariantGroup;
			children = (
				5ABE50382A23C39100EC0925 /* Base */,
			);
			name = LaunchScreen.storyboard;
			sourceTree = "<group>";
		};
/* End PBXVariantGroup section */

/* Begin XCBuildConfiguration section */
		5ABE503B2A23C39100EC0925 /* Debug */ = {
			isa = XCBuildConfiguration;
			buildSettings = {
				ALWAYS_SEARCH_USER_PATHS = NO;
				CLANG_ANALYZER_NONNULL = YES;
				CLANG_ANALYZER_NUMBER_OBJECT_CONVERSION = YES_AGGRESSIVE;
				CLANG_CXX_LANGUAGE_STANDARD = "gnu++17";
				CLANG_ENABLE_MODULES = YES;
				CLANG_ENABLE_OBJC_ARC = YES;
				CLANG_ENABLE_OBJC_WEAK = YES;
				CLANG_WARN_BLOCK_CAPTURE_AUTORELEASING = YES;
				CLANG_WARN_BOOL_CONVERSION = YES;
				CLANG_WARN_COMMA = YES;
				CLANG_WARN_CONSTANT_CONVERSION = YES;
				CLANG_WARN_DEPRECATED_OBJC_IMPLEMENTATIONS = YES;
				CLANG_WARN_DIRECT_OBJC_ISA_USAGE = YES_ERROR;
				CLANG_WARN_DOCUMENTATION_COMMENTS = YES;
				CLANG_WARN_EMPTY_BODY = YES;
				CLANG_WARN_ENUM_CONVERSION = YES;
				CLANG_WARN_INFINITE_RECURSION = YES;
				CLANG_WARN_INT_CONVERSION = YES;
				CLANG_WARN_NON_LITERAL_NULL_CONVERSION = YES;
				CLANG_WARN_OBJC_IMPLICIT_RETAIN_SELF = YES;
				CLANG_WARN_OBJC_LITERAL_CONVERSION = YES;
				CLANG_WARN_OBJC_ROOT_CLASS = YES_ERROR;
				CLANG_WARN_QUOTED_INCLUDE_IN_FRAMEWORK_HEADER = YES;
				CLANG_WARN_RANGE_LOOP_ANALYSIS = YES;
				CLANG_WARN_STRICT_PROTOTYPES = YES;
				CLANG_WARN_SUSPICIOUS_MOVE = YES;
				CLANG_WARN_UNGUARDED_AVAILABILITY = YES_AGGRESSIVE;
				CLANG_WARN_UNREACHABLE_CODE = YES;
				CLANG_WARN__DUPLICATE_METHOD_MATCH = YES;
				COPY_PHASE_STRIP = NO;
				DEBUG_INFORMATION_FORMAT = dwarf;
				ENABLE_STRICT_OBJC_MSGSEND = YES;
				ENABLE_TESTABILITY = YES;
				GCC_C_LANGUAGE_STANDARD = gnu11;
				GCC_DYNAMIC_NO_PIC = NO;
				GCC_NO_COMMON_BLOCKS = YES;
				GCC_OPTIMIZATION_LEVEL = 0;
				GCC_PREPROCESSOR_DEFINITIONS = (
					"DEBUG=1",
					"$(inherited)",
				);
				GCC_WARN_64_TO_32_BIT_CONVERSION = YES;
				GCC_WARN_ABOUT_RETURN_TYPE = YES_ERROR;
				GCC_WARN_UNDECLARED_SELECTOR = YES;
				GCC_WARN_UNINITIALIZED_AUTOS = YES_AGGRESSIVE;
				GCC_WARN_UNUSED_FUNCTION = YES;
				GCC_WARN_UNUSED_VARIABLE = YES;
				IPHONEOS_DEPLOYMENT_TARGET = 15.5;
				MTL_ENABLE_DEBUG_INFO = INCLUDE_SOURCE;
				MTL_FAST_MATH = YES;
				ONLY_ACTIVE_ARCH = YES;
				SDKROOT = iphoneos;
				SWIFT_ACTIVE_COMPILATION_CONDITIONS = DEBUG;
				SWIFT_OPTIMIZATION_LEVEL = "-Onone";
			};
			name = Debug;
		};
		5ABE503C2A23C39100EC0925 /* Release */ = {
			isa = XCBuildConfiguration;
			buildSettings = {
				ALWAYS_SEARCH_USER_PATHS = NO;
				CLANG_ANALYZER_NONNULL = YES;
				CLANG_ANALYZER_NUMBER_OBJECT_CONVERSION = YES_AGGRESSIVE;
				CLANG_CXX_LANGUAGE_STANDARD = "gnu++17";
				CLANG_ENABLE_MODULES = YES;
				CLANG_ENABLE_OBJC_ARC = YES;
				CLANG_ENABLE_OBJC_WEAK = YES;
				CLANG_WARN_BLOCK_CAPTURE_AUTORELEASING = YES;
				CLANG_WARN_BOOL_CONVERSION = YES;
				CLANG_WARN_COMMA = YES;
				CLANG_WARN_CONSTANT_CONVERSION = YES;
				CLANG_WARN_DEPRECATED_OBJC_IMPLEMENTATIONS = YES;
				CLANG_WARN_DIRECT_OBJC_ISA_USAGE = YES_ERROR;
				CLANG_WARN_DOCUMENTATION_COMMENTS = YES;
				CLANG_WARN_EMPTY_BODY = YES;
				CLANG_WARN_ENUM_CONVERSION = YES;
				CLANG_WARN_INFINITE_RECURSION = YES;
				CLANG_WARN_INT_CONVERSION = YES;
				CLANG_WARN_NON_LITERAL_NULL_CONVERSION = YES;
				CLANG_WARN_OBJC_IMPLICIT_RETAIN_SELF = YES;
				CLANG_WARN_OBJC_LITERAL_CONVERSION = YES;
				CLANG_WARN_OBJC_ROOT_CLASS = YES_ERROR;
				CLANG_WARN_QUOTED_INCLUDE_IN_FRAMEWORK_HEADER = YES;
				CLANG_WARN_RANGE_LOOP_ANALYSIS = YES;
				CLANG_WARN_STRICT_PROTOTYPES = YES;
				CLANG_WARN_SUSPICIOUS_MOVE = YES;
				CLANG_WARN_UNGUARDED_AVAILABILITY = YES_AGGRESSIVE;
				CLANG_WARN_UNREACHABLE_CODE = YES;
				CLANG_WARN__DUPLICATE_METHOD_MATCH = YES;
				COPY_PHASE_STRIP = NO;
				DEBUG_INFORMATION_FORMAT = "dwarf-with-dsym";
				ENABLE_NS_ASSERTIONS = NO;
				ENABLE_STRICT_OBJC_MSGSEND = YES;
				GCC_C_LANGUAGE_STANDARD = gnu11;
				GCC_NO_COMMON_BLOCKS = YES;
				GCC_WARN_64_TO_32_BIT_CONVERSION = YES;
				GCC_WARN_ABOUT_RETURN_TYPE = YES_ERROR;
				GCC_WARN_UNDECLARED_SELECTOR = YES;
				GCC_WARN_UNINITIALIZED_AUTOS = YES_AGGRESSIVE;
				GCC_WARN_UNUSED_FUNCTION = YES;
				GCC_WARN_UNUSED_VARIABLE = YES;
				IPHONEOS_DEPLOYMENT_TARGET = 15.5;
				MTL_ENABLE_DEBUG_INFO = NO;
				MTL_FAST_MATH = YES;
				SDKROOT = iphoneos;
				SWIFT_COMPILATION_MODE = wholemodule;
				SWIFT_OPTIMIZATION_LEVEL = "-O";
				VALIDATE_PRODUCT = YES;
			};
			name = Release;
		};
		5ABE503E2A23C39100EC0925 /* Debug */ = {
			isa = XCBuildConfiguration;
			baseConfigurationReference = 7882C57EA35706965A09ABDF /* Pods-mesenger01.debug.xcconfig */;
			buildSettings = {
				ASSETCATALOG_COMPILER_APPICON_NAME = AppIcon;
				ASSETCATALOG_COMPILER_GLOBAL_ACCENT_COLOR_NAME = AccentColor;
				CODE_SIGN_ENTITLEMENTS = mesenger01/mesenger01.entitlements;
				CODE_SIGN_STYLE = Automatic;
				CURRENT_PROJECT_VERSION = 1;
				DEVELOPMENT_TEAM = AYALL35JPR;
				GENERATE_INFOPLIST_FILE = YES;
				INFOPLIST_FILE = mesenger01/Info.plist;
				INFOPLIST_KEY_NSCameraUsageDescription = "Please allow accsess to take a profile picture";
				INFOPLIST_KEY_NSPhotoLibraryAddUsageDescription = "Please allow accsess to select a photo for you profile";
				INFOPLIST_KEY_UIApplicationSupportsIndirectInputEvents = YES;
				INFOPLIST_KEY_UILaunchStoryboardName = LaunchScreen;
				INFOPLIST_KEY_UIMainStoryboardFile = Main;
				INFOPLIST_KEY_UISupportedInterfaceOrientations_iPad = "UIInterfaceOrientationPortrait UIInterfaceOrientationPortraitUpsideDown UIInterfaceOrientationLandscapeLeft UIInterfaceOrientationLandscapeRight";
				INFOPLIST_KEY_UISupportedInterfaceOrientations_iPhone = "UIInterfaceOrientationPortrait UIInterfaceOrientationLandscapeLeft UIInterfaceOrientationLandscapeRight";
				LD_RUNPATH_SEARCH_PATHS = (
					"$(inherited)",
					"@executable_path/Frameworks",
				);
				MARKETING_VERSION = 1.0;
				PRODUCT_BUNDLE_IDENTIFIER = com.mesenger01;
				PRODUCT_NAME = "$(TARGET_NAME)";
				SWIFT_EMIT_LOC_STRINGS = YES;
				SWIFT_VERSION = 5.0;
				TARGETED_DEVICE_FAMILY = "1,2";
			};
			name = Debug;
		};
		5ABE503F2A23C39100EC0925 /* Release */ = {
			isa = XCBuildConfiguration;
			baseConfigurationReference = D73C9831B688066FFF404378 /* Pods-mesenger01.release.xcconfig */;
			buildSettings = {
				ASSETCATALOG_COMPILER_APPICON_NAME = AppIcon;
				ASSETCATALOG_COMPILER_GLOBAL_ACCENT_COLOR_NAME = AccentColor;
				CODE_SIGN_ENTITLEMENTS = mesenger01/mesenger01.entitlements;
				CODE_SIGN_STYLE = Automatic;
				CURRENT_PROJECT_VERSION = 1;
				DEVELOPMENT_TEAM = AYALL35JPR;
				GENERATE_INFOPLIST_FILE = YES;
				INFOPLIST_FILE = mesenger01/Info.plist;
				INFOPLIST_KEY_NSCameraUsageDescription = "Please allow accsess to take a profile picture";
				INFOPLIST_KEY_NSPhotoLibraryAddUsageDescription = "Please allow accsess to select a photo for you profile";
				INFOPLIST_KEY_UIApplicationSupportsIndirectInputEvents = YES;
				INFOPLIST_KEY_UILaunchStoryboardName = LaunchScreen;
				INFOPLIST_KEY_UIMainStoryboardFile = Main;
				INFOPLIST_KEY_UISupportedInterfaceOrientations_iPad = "UIInterfaceOrientationPortrait UIInterfaceOrientationPortraitUpsideDown UIInterfaceOrientationLandscapeLeft UIInterfaceOrientationLandscapeRight";
				INFOPLIST_KEY_UISupportedInterfaceOrientations_iPhone = "UIInterfaceOrientationPortrait UIInterfaceOrientationLandscapeLeft UIInterfaceOrientationLandscapeRight";
				LD_RUNPATH_SEARCH_PATHS = (
					"$(inherited)",
					"@executable_path/Frameworks",
				);
				MARKETING_VERSION = 1.0;
				PRODUCT_BUNDLE_IDENTIFIER = com.mesenger01;
				PRODUCT_NAME = "$(TARGET_NAME)";
				SWIFT_EMIT_LOC_STRINGS = YES;
				SWIFT_VERSION = 5.0;
				TARGETED_DEVICE_FAMILY = "1,2";
			};
			name = Release;
		};
/* End XCBuildConfiguration section */

/* Begin XCConfigurationList section */
		5ABE50242A23C39000EC0925 /* Build configuration list for PBXProject "mesenger01" */ = {
			isa = XCConfigurationList;
			buildConfigurations = (
				5ABE503B2A23C39100EC0925 /* Debug */,
				5ABE503C2A23C39100EC0925 /* Release */,
			);
			defaultConfigurationIsVisible = 0;
			defaultConfigurationName = Release;
		};
		5ABE503D2A23C39100EC0925 /* Build configuration list for PBXNativeTarget "mesenger01" */ = {
			isa = XCConfigurationList;
			buildConfigurations = (
				5ABE503E2A23C39100EC0925 /* Debug */,
				5ABE503F2A23C39100EC0925 /* Release */,
			);
			defaultConfigurationIsVisible = 0;
			defaultConfigurationName = Release;
		};
/* End XCConfigurationList section */
	};
	rootObject = 5ABE50212A23C39000EC0925 /* Project object */;
}
